
Microsoft Visual Studio Solution File, Format Version 12.00
# Visual Studio 2012
Project("{F184B08F-C81C-45F6-A57F-5ABD9991F28F}") = "WindowsApplication3", "WindowsApplication3\WindowsApplication3.vbproj", "{C78D9251-680E-42C4-89EE-399AE8360ACE}"
EndProject
Global
	GlobalSection(SolutionConfigurationPlatforms) = preSolution
		Debug|Any CPU = Debug|Any CPU
		Release|Any CPU = Release|Any CPU
	EndGlobalSection
	GlobalSection(ProjectConfigurationPlatforms) = postSolution
		{C78D9251-680E-42C4-89EE-399AE8360ACE}.Debug|Any CPU.ActiveCfg = Debug|Any CPU
		{C78D9251-680E-42C4-89EE-399AE8360ACE}.Debug|Any CPU.Build.0 = Debug|Any CPU
		{C78D9251-680E-42C4-89EE-399AE8360ACE}.Release|Any CPU.ActiveCfg = Release|Any CPU
		{C78D9251-680E-42C4-89EE-399AE8360ACE}.Release|Any CPU.Build.0 = Release|Any CPU
	EndGlobalSection
	GlobalSection(SolutionProperties) = preSolution
		HideSolutionNode = FALSE
	EndGlobalSection
EndGlobal
